
Microsoft Visual Studio Solution File, Format Version 12.00
# Visual Studio Version 16
VisualStudioVersion = 16.0.32002.261
MinimumVisualStudioVersion = 10.0.40219.1
Project("{FAE04EC0-301F-11D3-BF4B-00C04F79EFBC}") = "DependencyInjectionFramework", "DependencyInjectionFramework\DependencyInjectionFramework.csproj", "{F4F48E37-B0C1-4E26-82EA-EAFD34102DC3}"
EndProject
Global
	GlobalSection(SolutionConfigurationPlatforms) = preSolution
		Debug|Any CPU = Debug|Any CPU
		Release|Any CPU = Release|Any CPU
	EndGlobalSection
	GlobalSection(ProjectConfigurationPlatforms) = postSolution
		{F4F48E37-B0C1-4E26-82EA-EAFD34102DC3}.Debug|Any CPU.ActiveCfg = Debug|Any CPU
		{F4F48E37-B0C1-4E26-82EA-EAFD34102DC3}.Debug|Any CPU.Build.0 = Debug|Any CPU
		{F4F48E37-B0C1-4E26-82EA-EAFD34102DC3}.Release|Any CPU.ActiveCfg = Release|Any CPU
		{F4F48E37-B0C1-4E26-82EA-EAFD34102DC3}.Release|Any CPU.Build.0 = Release|Any CPU
	EndGlobalSection
	GlobalSection(SolutionProperties) = preSolution
		HideSolutionNode = FALSE
	EndGlobalSection
	GlobalSection(ExtensibilityGlobals) = postSolution
		SolutionGuid = {4A4382B8-1C43-495A-B699-E4958F7FC332}
	EndGlobalSection
EndGlobal
