
Microsoft Visual Studio Solution File, Format Version 12.00
# Visual Studio Version 16
VisualStudioVersion = 16.0.32002.261
MinimumVisualStudioVersion = 10.0.40219.1
Project("{FAE04EC0-301F-11D3-BF4B-00C04F79EFBC}") = "Snake", "Snake\Snake.csproj", "{D0039767-F2F0-4C1D-BAFE-EAFF2E4859F7}"
EndProject
Global
	GlobalSection(SolutionConfigurationPlatforms) = preSolution
		Debug|Any CPU = Debug|Any CPU
		Release|Any CPU = Release|Any CPU
	EndGlobalSection
	GlobalSection(ProjectConfigurationPlatforms) = postSolution
		{D0039767-F2F0-4C1D-BAFE-EAFF2E4859F7}.Debug|Any CPU.ActiveCfg = Debug|Any CPU
		{D0039767-F2F0-4C1D-BAFE-EAFF2E4859F7}.Debug|Any CPU.Build.0 = Debug|Any CPU
		{D0039767-F2F0-4C1D-BAFE-EAFF2E4859F7}.Release|Any CPU.ActiveCfg = Release|Any CPU
		{D0039767-F2F0-4C1D-BAFE-EAFF2E4859F7}.Release|Any CPU.Build.0 = Release|Any CPU
	EndGlobalSection
	GlobalSection(SolutionProperties) = preSolution
		HideSolutionNode = FALSE
	EndGlobalSection
	GlobalSection(ExtensibilityGlobals) = postSolution
		SolutionGuid = {0BFE1E5C-1FE1-4CA8-BFD5-27F50C8C681B}
	EndGlobalSection
EndGlobal
